// !$*UTF8*$!
{
	archiveVersion = 1;
	classes = {
	};
	objectVersion = 48;
	objects = {

/* Begin PBXBuildFile section */
		6B1946C3209ED33500723D35 /* AppDelegate.m in Sources */ = {isa = PBXBuildFile; fileRef = 6B1946C2209ED33500723D35 /* AppDelegate.m */; };
		6B1946C6209ED33500723D35 /* ViewController.m in Sources */ = {isa = PBXBuildFile; fileRef = 6B1946C5209ED33500723D35 /* ViewController.m */; };
		6B1946C9209ED33500723D35 /* Main.storyboard in Resources */ = {isa = PBXBuildFile; fileRef = 6B1946C7209ED33500723D35 /* Main.storyboard */; };
		6B1946CB209ED33500723D35 /* Assets.xcassets in Resources */ = {isa = PBXBuildFile; fileRef = 6B1946CA209ED33500723D35 /* Assets.xcassets */; };
		6B1946CE209ED33500723D35 /* LaunchScreen.storyboard in Resources */ = {isa = PBXBuildFile; fileRef = 6B1946CC209ED33500723D35 /* LaunchScreen.storyboard */; };
		6B1946D1209ED33500723D35 /* main.m in Sources */ = {isa = PBXBuildFile; fileRef = 6B1946D0209ED33500723D35 /* main.m */; };
		6B1946DB209ED33500723D35 /* AnimationDemoTests.m in Sources */ = {isa = PBXBuildFile; fileRef = 6B1946DA209ED33500723D35 /* AnimationDemoTests.m */; };
		6B1946E6209ED33500723D35 /* AnimationDemoUITests.m in Sources */ = {isa = PBXBuildFile; fileRef = 6B1946E5209ED33500723D35 /* AnimationDemoUITests.m */; };
		6B1946F6209ED57100723D35 /* demo1ViewController.m in Sources */ = {isa = PBXBuildFile; fileRef = 6B1946F5209ED57100723D35 /* demo1ViewController.m */; };
/* End PBXBuildFile section */

/* Begin PBXContainerItemProxy section */
		6B1946D7209ED33500723D35 /* PBXContainerItemProxy */ = {
			isa = PBXContainerItemProxy;
			containerPortal = 6B1946B6209ED33500723D35 /* Project object */;
			proxyType = 1;
			remoteGlobalIDString = 6B1946BD209ED33500723D35;
			remoteInfo = AnimationDemo;
		};
		6B1946E2209ED33500723D35 /* PBXContainerItemProxy */ = {
			isa = PBXContainerItemProxy;
			containerPortal = 6B1946B6209ED33500723D35 /* Project object */;
			proxyType = 1;
			remoteGlobalIDString = 6B1946BD209ED33500723D35;
			remoteInfo = AnimationDemo;
		};
/* End PBXContainerItemProxy section */

/* Begin PBXFileReference section */
		6B1946BE209ED33500723D35 /* AnimationDemo.app */ = {isa = PBXFileReference; explicitFileType = wrapper.application; includeInIndex = 0; path = AnimationDemo.app; sourceTree = BUILT_PRODUCTS_DIR; };
		6B1946C1209ED33500723D35 /* AppDelegate.h */ = {isa = PBXFileReference; lastKnownFileType = sourcecode.c.h; path = AppDelegate.h; sourceTree = "<group>"; };
		6B1946C2209ED33500723D35 /* AppDelegate.m */ = {isa = PBXFileReference; lastKnownFileType = sourcecode.c.objc; path = AppDelegate.m; sourceTree = "<group>"; };
		6B1946C4209ED33500723D35 /* ViewController.h */ = {isa = PBXFileReference; lastKnownFileType = sourcecode.c.h; path = ViewController.h; sourceTree = "<group>"; };
		6B1946C5209ED33500723D35 /* ViewController.m */ = {isa = PBXFileReference; lastKnownFileType = sourcecode.c.objc; path = ViewController.m; sourceTree = "<group>"; };
		6B1946C8209ED33500723D35 /* Base */ = {isa = PBXFileReference; lastKnownFileType = file.storyboard; name = Base; path = Base.lproj/Main.storyboard; sourceTree = "<group>"; };
		6B1946CA209ED33500723D35 /* Assets.xcassets */ = {isa = PBXFileReference; lastKnownFileType = folder.assetcatalog; path = Assets.xcassets; sourceTree = "<group>"; };
		6B1946CD209ED33500723D35 /* Base */ = {isa = PBXFileReference; lastKnownFileType = file.storyboard; name = Base; path = Base.lproj/LaunchScreen.storyboard; sourceTree = "<group>"; };
		6B1946CF209ED33500723D35 /* Info.plist */ = {isa = PBXFileReference; lastKnownFileType = text.plist.xml; path = Info.plist; sourceTree = "<group>"; };
		6B1946D0209ED33500723D35 /* main.m */ = {isa = PBXFileReference; lastKnownFileType = sourcecode.c.objc; path = main.m; sourceTree = "<group>"; };
		6B1946D6209ED33500723D35 /* AnimationDemoTests.xctest */ = {isa = PBXFileReference; explicitFileType = wrapper.cfbundle; includeInIndex = 0; path = AnimationDemoTests.xctest; sourceTree = BUILT_PRODUCTS_DIR; };
		6B1946DA209ED33500723D35 /* AnimationDemoTests.m */ = {isa = PBXFileReference; lastKnownFileType = sourcecode.c.objc; path = AnimationDemoTests.m; sourceTree = "<group>"; };
		6B1946DC209ED33500723D35 /* Info.plist */ = {isa = PBXFileReference; lastKnownFileType = text.plist.xml; path = Info.plist; sourceTree = "<group>"; };
		6B1946E1209ED33500723D35 /* AnimationDemoUITests.xctest */ = {isa = PBXFileReference; explicitFileType = wrapper.cfbundle; includeInIndex = 0; path = AnimationDemoUITests.xctest; sourceTree = BUILT_PRODUCTS_DIR; };
		6B1946E5209ED33500723D35 /* AnimationDemoUITests.m */ = {isa = PBXFileReference; lastKnownFileType = sourcecode.c.objc; path = AnimationDemoUITests.m; sourceTree = "<group>"; };
		6B1946E7209ED33500723D35 /* Info.plist */ = {isa = PBXFileReference; lastKnownFileType = text.plist.xml; path = Info.plist; sourceTree = "<group>"; };
		6B1946F4209ED57100723D35 /* demo1ViewController.h */ = {isa = PBXFileReference; lastKnownFileType = sourcecode.c.h; path = demo1ViewController.h; sourceTree = "<group>"; };
		6B1946F5209ED57100723D35 /* demo1ViewController.m */ = {isa = PBXFileReference; lastKnownFileType = sourcecode.c.objc; path = demo1ViewController.m; sourceTree = "<group>"; };
/* End PBXFileReference section */

/* Begin PBXFrameworksBuildPhase section */
		6B1946BB209ED33500723D35 /* Frameworks */ = {
			isa = PBXFrameworksBuildPhase;
			buildActionMask = 2147483647;
			files = (
			);
			runOnlyForDeploymentPostprocessing = 0;
		};
		6B1946D3209ED33500723D35 /* Frameworks */ = {
			isa = PBXFrameworksBuildPhase;
			buildActionMask = 2147483647;
			files = (
			);
			runOnlyForDeploymentPostprocessing = 0;
		};
		6B1946DE209ED33500723D35 /* Frameworks */ = {
			isa = PBXFrameworksBuildPhase;
			buildActionMask = 2147483647;
			files = (
			);
			runOnlyForDeploymentPostprocessing = 0;
		};
/* End PBXFrameworksBuildPhase section */

/* Begin PBXGroup section */
		6B1946B5209ED33500723D35 = {
			isa = PBXGroup;
			children = (
				6B1946C0209ED33500723D35 /* AnimationDemo */,
				6B1946D9209ED33500723D35 /* AnimationDemoTests */,
				6B1946E4209ED33500723D35 /* AnimationDemoUITests */,
				6B1946BF209ED33500723D35 /* Products */,
			);
			sourceTree = "<group>";
		};
		6B1946BF209ED33500723D35 /* Products */ = {
			isa = PBXGroup;
			children = (
				6B1946BE209ED33500723D35 /* AnimationDemo.app */,
				6B1946D6209ED33500723D35 /* AnimationDemoTests.xctest */,
				6B1946E1209ED33500723D35 /* AnimationDemoUITests.xctest */,
			);
			name = Products;
			sourceTree = "<group>";
		};
		6B1946C0209ED33500723D35 /* AnimationDemo */ = {
			isa = PBXGroup;
			children = (
				6B1946F3209ED54700723D35 /* Demos */,
				6B1946C1209ED33500723D35 /* AppDelegate.h */,
				6B1946C2209ED33500723D35 /* AppDelegate.m */,
				6B1946C4209ED33500723D35 /* ViewController.h */,
				6B1946C5209ED33500723D35 /* ViewController.m */,
				6B1946C7209ED33500723D35 /* Main.storyboard */,
				6B1946CA209ED33500723D35 /* Assets.xcassets */,
				6B1946CC209ED33500723D35 /* LaunchScreen.storyboard */,
				6B1946CF209ED33500723D35 /* Info.plist */,
				6B1946D0209ED33500723D35 /* main.m */,
			);
			path = AnimationDemo;
			sourceTree = "<group>";
		};
		6B1946D9209ED33500723D35 /* AnimationDemoTests */ = {
			isa = PBXGroup;
			children = (
				6B1946DA209ED33500723D35 /* AnimationDemoTests.m */,
				6B1946DC209ED33500723D35 /* Info.plist */,
			);
			path = AnimationDemoTests;
			sourceTree = "<group>";
		};
		6B1946E4209ED33500723D35 /* AnimationDemoUITests */ = {
			isa = PBXGroup;
			children = (
				6B1946E5209ED33500723D35 /* AnimationDemoUITests.m */,
				6B1946E7209ED33500723D35 /* Info.plist */,
			);
			path = AnimationDemoUITests;
			sourceTree = "<group>";
		};
		6B1946F3209ED54700723D35 /* Demos */ = {
			isa = PBXGroup;
			children = (
				6B1946F4209ED57100723D35 /* demo1ViewController.h */,
				6B1946F5209ED57100723D35 /* demo1ViewController.m */,
			);
			path = Demos;
			sourceTree = "<group>";
		};
/* End PBXGroup section */

/* Begin PBXNativeTarget section */
		6B1946BD209ED33500723D35 /* AnimationDemo */ = {
			isa = PBXNativeTarget;
			buildConfigurationList = 6B1946EA209ED33500723D35 /* Build configuration list for PBXNativeTarget "AnimationDemo" */;
			buildPhases = (
				6B1946BA209ED33500723D35 /* Sources */,
				6B1946BB209ED33500723D35 /* Frameworks */,
				6B1946BC209ED33500723D35 /* Resources */,
			);
			buildRules = (
			);
			dependencies = (
			);
			name = AnimationDemo;
			productName = AnimationDemo;
			productReference = 6B1946BE209ED33500723D35 /* AnimationDemo.app */;
			productType = "com.apple.product-type.application";
		};
		6B1946D5209ED33500723D35 /* AnimationDemoTests */ = {
			isa = PBXNativeTarget;
			buildConfigurationList = 6B1946ED209ED33500723D35 /* Build configuration list for PBXNativeTarget "AnimationDemoTests" */;
			buildPhases = (
				6B1946D2209ED33500723D35 /* Sources */,
				6B1946D3209ED33500723D35 /* Frameworks */,
				6B1946D4209ED33500723D35 /* Resources */,
			);
			buildRules = (
			);
			dependencies = (
				6B1946D8209ED33500723D35 /* PBXTargetDependency */,
			);
			name = AnimationDemoTests;
			productName = AnimationDemoTests;
			productReference = 6B1946D6209ED33500723D35 /* AnimationDemoTests.xctest */;
			productType = "com.apple.product-type.bundle.unit-test";
		};
		6B1946E0209ED33500723D35 /* AnimationDemoUITests */ = {
			isa = PBXNativeTarget;
			buildConfigurationList = 6B1946F0209ED33500723D35 /* Build configuration list for PBXNativeTarget "AnimationDemoUITests" */;
			buildPhases = (
				6B1946DD209ED33500723D35 /* Sources */,
				6B1946DE209ED33500723D35 /* Frameworks */,
				6B1946DF209ED33500723D35 /* Resources */,
			);
			buildRules = (
			);
			dependencies = (
				6B1946E3209ED33500723D35 /* PBXTargetDependency */,
			);
			name = AnimationDemoUITests;
			productName = AnimationDemoUITests;
			productReference = 6B1946E1209ED33500723D35 /* AnimationDemoUITests.xctest */;
			productType = "com.apple.product-type.bundle.ui-testing";
		};
/* End PBXNativeTarget section */

/* Begin PBXProject section */
		6B1946B6209ED33500723D35 /* Project object */ = {
			isa = PBXProject;
			attributes = {
				LastUpgradeCheck = 0900;
				ORGANIZATIONNAME = Sun;
				TargetAttributes = {
					6B1946BD209ED33500723D35 = {
						CreatedOnToolsVersion = 9.0;
						ProvisioningStyle = Automatic;
					};
					6B1946D5209ED33500723D35 = {
						CreatedOnToolsVersion = 9.0;
						ProvisioningStyle = Automatic;
						TestTargetID = 6B1946BD209ED33500723D35;
					};
					6B1946E0209ED33500723D35 = {
						CreatedOnToolsVersion = 9.0;
						ProvisioningStyle = Automatic;
						TestTargetID = 6B1946BD209ED33500723D35;
					};
				};
			};
			buildConfigurationList = 6B1946B9209ED33500723D35 /* Build configuration list for PBXProject "AnimationDemo" */;
			compatibilityVersion = "Xcode 8.0";
			developmentRegion = en;
			hasScannedForEncodings = 0;
			knownRegions = (
				en,
				Base,
			);
			mainGroup = 6B1946B5209ED33500723D35;
			productRefGroup = 6B1946BF209ED33500723D35 /* Products */;
			projectDirPath = "";
			projectRoot = "";
			targets = (
				6B1946BD209ED33500723D35 /* AnimationDemo */,
				6B1946D5209ED33500723D35 /* AnimationDemoTests */,
				6B1946E0209ED33500723D35 /* AnimationDemoUITests */,
			);
		};
/* End PBXProject section */

/* Begin PBXResourcesBuildPhase section */
		6B1946BC209ED33500723D35 /* Resources */ = {
			isa = PBXResourcesBuildPhase;
			buildActionMask = 2147483647;
			files = (
				6B1946CE209ED33500723D35 /* LaunchScreen.storyboard in Resources */,
				6B1946CB209ED33500723D35 /* Assets.xcassets in Resources */,
				6B1946C9209ED33500723D35 /* Main.storyboard in Resources */,
			);
			runOnlyForDeploymentPostprocessing = 0;
		};
		6B1946D4209ED33500723D35 /* Resources */ = {
			isa = PBXResourcesBuildPhase;
			buildActionMask = 2147483647;
			files = (
			);
			runOnlyForDeploymentPostprocessing = 0;
		};
		6B1946DF209ED33500723D35 /* Resources */ = {
			isa = PBXResourcesBuildPhase;
			buildActionMask = 2147483647;
			files = (
			);
			runOnlyForDeploymentPostprocessing = 0;
		};
/* End PBXResourcesBuildPhase section */

/* Begin PBXSourcesBuildPhase section */
		6B1946BA209ED33500723D35 /* Sources */ = {
			isa = PBXSourcesBuildPhase;
			buildActionMask = 2147483647;
			files = (
				6B1946C6209ED33500723D35 /* ViewController.m in Sources */,
				6B1946F6209ED57100723D35 /* demo1ViewController.m in Sources */,
				6B1946D1209ED33500723D35 /* main.m in Sources */,
				6B1946C3209ED33500723D35 /* AppDelegate.m in Sources */,
			);
			runOnlyForDeploymentPostprocessing = 0;
		};
		6B1946D2209ED33500723D35 /* Sources */ = {
			isa = PBXSourcesBuildPhase;
			buildActionMask = 2147483647;
			files = (
				6B1946DB209ED33500723D35 /* AnimationDemoTests.m in Sources */,
			);
			runOnlyForDeploymentPostprocessing = 0;
		};
		6B1946DD209ED33500723D35 /* Sources */ = {
			isa = PBXSourcesBuildPhase;
			buildActionMask = 2147483647;
			files = (
				6B1946E6209ED33500723D35 /* AnimationDemoUITests.m in Sources */,
			);
			runOnlyForDeploymentPostprocessing = 0;
		};
/* End PBXSourcesBuildPhase section */

/* Begin PBXTargetDependency section */
		6B1946D8209ED33500723D35 /* PBXTargetDependency */ = {
			isa = PBXTargetDependency;
			target = 6B1946BD209ED33500723D35 /* AnimationDemo */;
			targetProxy = 6B1946D7209ED33500723D35 /* PBXContainerItemProxy */;
		};
		6B1946E3209ED33500723D35 /* PBXTargetDependency */ = {
			isa = PBXTargetDependency;
			target = 6B1946BD209ED33500723D35 /* AnimationDemo */;
			targetProxy = 6B1946E2209ED33500723D35 /* PBXContainerItemProxy */;
		};
/* End PBXTargetDependency section */

/* Begin PBXVariantGroup section */
		6B1946C7209ED33500723D35 /* Main.storyboard */ = {
			isa = PBXVariantGroup;
			children = (
				6B1946C8209ED33500723D35 /* Base */,
			);
			name = Main.storyboard;
			sourceTree = "<group>";
		};
		6B1946CC209ED33500723D35 /* LaunchScreen.storyboard */ = {
			isa = PBXVariantGroup;
			children = (
				6B1946CD209ED33500723D35 /* Base */,
			);
			name = LaunchScreen.storyboard;
			sourceTree = "<group>";
		};
/* End PBXVariantGroup section */

/* Begin XCBuildConfiguration section */
		6B1946E8209ED33500723D35 /* Debug */ = {
			isa = XCBuildConfiguration;
			buildSettings = {
				ALWAYS_SEARCH_USER_PATHS = NO;
				CLANG_ANALYZER_NONNULL = YES;
				CLANG_ANALYZER_NUMBER_OBJECT_CONVERSION = YES_AGGRESSIVE;
				CLANG_CXX_LANGUAGE_STANDARD = "gnu++14";
				CLANG_CXX_LIBRARY = "libc++";
				CLANG_ENABLE_MODULES = YES;
				CLANG_ENABLE_OBJC_ARC = YES;
				CLANG_WARN_BLOCK_CAPTURE_AUTORELEASING = YES;
				CLANG_WARN_BOOL_CONVERSION = YES;
				CLANG_WARN_COMMA = YES;
				CLANG_WARN_CONSTANT_CONVERSION = YES;
				CLANG_WARN_DIRECT_OBJC_ISA_USAGE = YES_ERROR;
				CLANG_WARN_DOCUMENTATION_COMMENTS = YES;
				CLANG_WARN_EMPTY_BODY = YES;
				CLANG_WARN_ENUM_CONVERSION = YES;
				CLANG_WARN_INFINITE_RECURSION = YES;
				CLANG_WARN_INT_CONVERSION = YES;
				CLANG_WARN_NON_LITERAL_NULL_CONVERSION = YES;
				CLANG_WARN_OBJC_LITERAL_CONVERSION = YES;
				CLANG_WARN_OBJC_ROOT_CLASS = YES_ERROR;
				CLANG_WARN_RANGE_LOOP_ANALYSIS = YES;
				CLANG_WARN_STRICT_PROTOTYPES = YES;
				CLANG_WARN_SUSPICIOUS_MOVE = YES;
				CLANG_WARN_UNGUARDED_AVAILABILITY = YES_AGGRESSIVE;
				CLANG_WARN_UNREACHABLE_CODE = YES;
				CLANG_WARN__DUPLICATE_METHOD_MATCH = YES;
				CODE_SIGN_IDENTITY = "iPhone Developer";
				COPY_PHASE_STRIP = NO;
				DEBUG_INFORMATION_FORMAT = dwarf;
				ENABLE_STRICT_OBJC_MSGSEND = YES;
				ENABLE_TESTABILITY = YES;
				GCC_C_LANGUAGE_STANDARD = gnu11;
				GCC_DYNAMIC_NO_PIC = NO;
				GCC_NO_COMMON_BLOCKS = YES;
				GCC_OPTIMIZATION_LEVEL = 0;
				GCC_PREPROCESSOR_DEFINITIONS = (
					"DEBUG=1",
					"$(inherited)",
				);
				GCC_WARN_64_TO_32_BIT_CONVERSION = YES;
				GCC_WARN_ABOUT_RETURN_TYPE = YES_ERROR;
				GCC_WARN_UNDECLARED_SELECTOR = YES;
				GCC_WARN_UNINITIALIZED_AUTOS = YES_AGGRESSIVE;
				GCC_WARN_UNUSED_FUNCTION = YES;
				GCC_WARN_UNUSED_VARIABLE = YES;
				IPHONEOS_DEPLOYMENT_TARGET = 11.0;
				MTL_ENABLE_DEBUG_INFO = YES;
				ONLY_ACTIVE_ARCH = YES;
				SDKROOT = iphoneos;
			};
			name = Debug;
		};
		6B1946E9209ED33500723D35 /* Release */ = {
			isa = XCBuildConfiguration;
			buildSettings = {
				ALWAYS_SEARCH_USER_PATHS = NO;
				CLANG_ANALYZER_NONNULL = YES;
				CLANG_ANALYZER_NUMBER_OBJECT_CONVERSION = YES_AGGRESSIVE;
				CLANG_CXX_LANGUAGE_STANDARD = "gnu++14";
				CLANG_CXX_LIBRARY = "libc++";
				CLANG_ENABLE_MODULES = YES;
				CLANG_ENABLE_OBJC_ARC = YES;
				CLANG_WARN_BLOCK_CAPTURE_AUTORELEASING = YES;
				CLANG_WARN_BOOL_CONVERSION = YES;
				CLANG_WARN_COMMA = YES;
				CLANG_WARN_CONSTANT_CONVERSION = YES;
				CLANG_WARN_DIRECT_OBJC_ISA_USAGE = YES_ERROR;
				CLANG_WARN_DOCUMENTATION_COMMENTS = YES;
				CLANG_WARN_EMPTY_BODY = YES;
				CLANG_WARN_ENUM_CONVERSION = YES;
				CLANG_WARN_INFINITE_RECURSION = YES;
				CLANG_WARN_INT_CONVERSION = YES;
				CLANG_WARN_NON_LITERAL_NULL_CONVERSION = YES;
				CLANG_WARN_OBJC_LITERAL_CONVERSION = YES;
				CLANG_WARN_OBJC_ROOT_CLASS = YES_ERROR;
				CLANG_WARN_RANGE_LOOP_ANALYSIS = YES;
				CLANG_WARN_STRICT_PROTOTYPES = YES;
				CLANG_WARN_SUSPICIOUS_MOVE = YES;
				CLANG_WARN_UNGUARDED_AVAILABILITY = YES_AGGRESSIVE;
				CLANG_WARN_UNREACHABLE_CODE = YES;
				CLANG_WARN__DUPLICATE_METHOD_MATCH = YES;
				CODE_SIGN_IDENTITY = "iPhone Developer";
				COPY_PHASE_STRIP = NO;
				DEBUG_INFORMATION_FORMAT = "dwarf-with-dsym";
				ENABLE_NS_ASSERTIONS = NO;
				ENABLE_STRICT_OBJC_MSGSEND = YES;
				GCC_C_LANGUAGE_STANDARD = gnu11;
				GCC_NO_COMMON_BLOCKS = YES;
				GCC_WARN_64_TO_32_BIT_CONVERSION = YES;
				GCC_WARN_ABOUT_RETURN_TYPE = YES_ERROR;
				GCC_WARN_UNDECLARED_SELECTOR = YES;
				GCC_WARN_UNINITIALIZED_AUTOS = YES_AGGRESSIVE;
				GCC_WARN_UNUSED_FUNCTION = YES;
				GCC_WARN_UNUSED_VARIABLE = YES;
				IPHONEOS_DEPLOYMENT_TARGET = 11.0;
				MTL_ENABLE_DEBUG_INFO = NO;
				SDKROOT = iphoneos;
				VALIDATE_PRODUCT = YES;
			};
			name = Release;
		};
		6B1946EB209ED33500723D35 /* Debug */ = {
			isa = XCBuildConfiguration;
			buildSettings = {
				ASSETCATALOG_COMPILER_APPICON_NAME = AppIcon;
				CODE_SIGN_STYLE = Automatic;
				INFOPLIST_FILE = AnimationDemo/Info.plist;
				LD_RUNPATH_SEARCH_PATHS = "$(inherited) @executable_path/Frameworks";
				PRODUCT_BUNDLE_IDENTIFIER = com.AnimationDemo;
				PRODUCT_NAME = "$(TARGET_NAME)";
				TARGETED_DEVICE_FAMILY = "1,2";
			};
			name = Debug;
		};
		6B1946EC209ED33500723D35 /* Release */ = {
			isa = XCBuildConfiguration;
			buildSettings = {
				ASSETCATALOG_COMPILER_APPICON_NAME = AppIcon;
				CODE_SIGN_STYLE = Automatic;
				INFOPLIST_FILE = AnimationDemo/Info.plist;
				LD_RUNPATH_SEARCH_PATHS = "$(inherited) @executable_path/Frameworks";
				PRODUCT_BUNDLE_IDENTIFIER = com.AnimationDemo;
				PRODUCT_NAME = "$(TARGET_NAME)";
				TARGETED_DEVICE_FAMILY = "1,2";
			};
			name = Release;
		};
		6B1946EE209ED33500723D35 /* Debug */ = {
			isa = XCBuildConfiguration;
			buildSettings = {
				BUNDLE_LOADER = "$(TEST_HOST)";
				CODE_SIGN_STYLE = Automatic;
				INFOPLIST_FILE = AnimationDemoTests/Info.plist;
				LD_RUNPATH_SEARCH_PATHS = "$(inherited) @executable_path/Frameworks @loader_path/Frameworks";
				PRODUCT_BUNDLE_IDENTIFIER = com.AnimationDemoTests;
				PRODUCT_NAME = "$(TARGET_NAME)";
				TARGETED_DEVICE_FAMILY = "1,2";
				TEST_HOST = "$(BUILT_PRODUCTS_DIR)/AnimationDemo.app/AnimationDemo";
			};
			name = Debug;
		};
		6B1946EF209ED33500723D35 /* Release */ = {
			isa = XCBuildConfiguration;
			buildSettings = {
				BUNDLE_LOADER = "$(TEST_HOST)";
				CODE_SIGN_STYLE = Automatic;
				INFOPLIST_FILE = AnimationDemoTests/Info.plist;
				LD_RUNPATH_SEARCH_PATHS = "$(inherited) @executable_path/Frameworks @loader_path/Frameworks";
				PRODUCT_BUNDLE_IDENTIFIER = com.AnimationDemoTests;
				PRODUCT_NAME = "$(TARGET_NAME)";
				TARGETED_DEVICE_FAMILY = "1,2";
				TEST_HOST = "$(BUILT_PRODUCTS_DIR)/AnimationDemo.app/AnimationDemo";
			};
			name = Release;
		};
		6B1946F1209ED33500723D35 /* Debug */ = {
			isa = XCBuildConfiguration;
			buildSettings = {
				CODE_SIGN_STYLE = Automatic;
				INFOPLIST_FILE = AnimationDemoUITests/Info.plist;
				LD_RUNPATH_SEARCH_PATHS = "$(inherited) @executable_path/Frameworks @loader_path/Frameworks";
				PRODUCT_BUNDLE_IDENTIFIER = com.AnimationDemoUITests;
				PRODUCT_NAME = "$(TARGET_NAME)";
				TARGETED_DEVICE_FAMILY = "1,2";
				TEST_TARGET_NAME = AnimationDemo;
			};
			name = Debug;
		};
		6B1946F2209ED33500723D35 /* Release */ = {
			isa = XCBuildConfiguration;
			buildSettings = {
				CODE_SIGN_STYLE = Automatic;
				INFOPLIST_FILE = AnimationDemoUITests/Info.plist;
				LD_RUNPATH_SEARCH_PATHS = "$(inherited) @executable_path/Frameworks @loader_path/Frameworks";
				PRODUCT_BUNDLE_IDENTIFIER = com.AnimationDemoUITests;
				PRODUCT_NAME = "$(TARGET_NAME)";
				TARGETED_DEVICE_FAMILY = "1,2";
				TEST_TARGET_NAME = AnimationDemo;
			};
			name = Release;
		};
/* End XCBuildConfiguration section */

/* Begin XCConfigurationList section */
		6B1946B9209ED33500723D35 /* Build configuration list for PBXProject "AnimationDemo" */ = {
			isa = XCConfigurationList;
			buildConfigurations = (
				6B1946E8209ED33500723D35 /* Debug */,
				6B1946E9209ED33500723D35 /* Release */,
			);
			defaultConfigurationIsVisible = 0;
			defaultConfigurationName = Release;
		};
		6B1946EA209ED33500723D35 /* Build configuration list for PBXNativeTarget "AnimationDemo" */ = {
			isa = XCConfigurationList;
			buildConfigurations = (
				6B1946EB209ED33500723D35 /* Debug */,
				6B1946EC209ED33500723D35 /* Release */,
			);
			defaultConfigurationIsVisible = 0;
			defaultConfigurationName = Release;
		};
		6B1946ED209ED33500723D35 /* Build configuration list for PBXNativeTarget "AnimationDemoTests" */ = {
			isa = XCConfigurationList;
			buildConfigurations = (
				6B1946EE209ED33500723D35 /* Debug */,
				6B1946EF209ED33500723D35 /* Release */,
			);
			defaultConfigurationIsVisible = 0;
			defaultConfigurationName = Release;
		};
		6B1946F0209ED33500723D35 /* Build configuration list for PBXNativeTarget "AnimationDemoUITests" */ = {
			isa = XCConfigurationList;
			buildConfigurations = (
				6B1946F1209ED33500723D35 /* Debug */,
				6B1946F2209ED33500723D35 /* Release */,
			);
			defaultConfigurationIsVisible = 0;
			defaultConfigurationName = Release;
		};
/* End XCConfigurationList section */
	};
	rootObject = 6B1946B6209ED33500723D35 /* Project object */;
}
